
Microsoft Visual Studio Solution File, Format Version 12.00
# Visual Studio Version 17
VisualStudioVersion = 17.4.33213.308
MinimumVisualStudioVersion = 10.0.40219.1
Project("{FAE04EC0-301F-11D3-BF4B-00C04F79EFBC}") = "ST10059881_PROG6221_POE_P3", "ST10059881_PROG6221_POE_P3\ST10059881_PROG6221_POE_P3.csproj", "{BA25F688-A5D5-4B43-BF87-F37B73C6F466}"
EndProject
Global
	GlobalSection(SolutionConfigurationPlatforms) = preSolution
		Debug|Any CPU = Debug|Any CPU
		Release|Any CPU = Release|Any CPU
	EndGlobalSection
	GlobalSection(ProjectConfigurationPlatforms) = postSolution
		{BA25F688-A5D5-4B43-BF87-F37B73C6F466}.Debug|Any CPU.ActiveCfg = Debug|Any CPU
		{BA25F688-A5D5-4B43-BF87-F37B73C6F466}.Debug|Any CPU.Build.0 = Debug|Any CPU
		{BA25F688-A5D5-4B43-BF87-F37B73C6F466}.Release|Any CPU.ActiveCfg = Release|Any CPU
		{BA25F688-A5D5-4B43-BF87-F37B73C6F466}.Release|Any CPU.Build.0 = Release|Any CPU
	EndGlobalSection
	GlobalSection(SolutionProperties) = preSolution
		HideSolutionNode = FALSE
	EndGlobalSection
	GlobalSection(ExtensibilityGlobals) = postSolution
		SolutionGuid = {F44474DC-9BA1-4338-B990-6A91220B0BE6}
	EndGlobalSection
EndGlobal
